
Microsoft Visual Studio Solution File, Format Version 12.00
# Visual Studio Version 17
VisualStudioVersion = 17.14.37411.7
MinimumVisualStudioVersion = 10.0.40219.1
Project("{8BC9CEB8-8B4A-11D0-8D11-00A0C91BC942}") = "Q017", "Q017\Q017.vcxproj", "{D6C0B8C7-3C7B-4518-BF05-AE31CCE7AC6F}"
EndProject
Project("{8BC9CEB8-8B4A-11D0-8D11-00A0C91BC942}") = "Q018", "Q018\Q018.vcxproj", "{A5613B2A-F570-4F53-8E65-567F05DB8EE8}"
EndProject
Project("{8BC9CEB8-8B4A-11D0-8D11-00A0C91BC942}") = "Q019", "Q19\Q19.vcxproj", "{F5B3E668-8102-4F44-8E35-EA0DED1E1DCB}"
EndProject
Project("{8BC9CEB8-8B4A-11D0-8D11-00A0C91BC942}") = "Q020", "Q020\Q020.vcxproj", "{BDB25EC7-4CAE-4C88-B94B-E60F1F6536F5}"
EndProject
Project("{8BC9CEB8-8B4A-11D0-8D11-00A0C91BC942}") = "Q021", "Q21\Q21.vcxproj", "{9B669809-6934-467A-AF63-298ED8BB2285}"
EndProject
Project("{8BC9CEB8-8B4A-11D0-8D11-00A0C91BC942}") = "Q022", "Q022\Q022.vcxproj", "{BA6B4BDA-AD69-4B44-96C0-75F6138B4AAF}"
EndProject
Project("{8BC9CEB8-8B4A-11D0-8D11-00A0C91BC942}") = "Q023", "Q023\Q023.vcxproj", "{C391D16C-F0D4-4BF0-AEB5-E231B5869592}"
EndProject
Project("{8BC9CEB8-8B4A-11D0-8D11-00A0C91BC942}") = "Q024", "Q024\Q024.vcxproj", "{9F1C73DA-E2E0-4AA9-9A2F-B923EB13A1A0}"
EndProject
Project("{8BC9CEB8-8B4A-11D0-8D11-00A0C91BC942}") = "Q025", "Q025\Q025.vcxproj", "{1C272FA5-9EC8-4535-9CDA-F6B207B4EB67}"
EndProject
Project("{8BC9CEB8-8B4A-11D0-8D11-00A0C91BC942}") = "Q026", "Q026\Q026.vcxproj", "{E927BA2C-4C39-4569-AFF1-9DB177E89A75}"
EndProject
Project("{8BC9CEB8-8B4A-11D0-8D11-00A0C91BC942}") = "Q027", "Q027\Q027.vcxproj", "{FC578C23-ABDA-4B67-8FB0-1F17823D4902}"
EndProject
Project("{8BC9CEB8-8B4A-11D0-8D11-00A0C91BC942}") = "Q028", "Q028\Q028.vcxproj", "{27BBACE7-0950-4E76-A37A-A5BD0269279F}"
EndProject
Project("{8BC9CEB8-8B4A-11D0-8D11-00A0C91BC942}") = "Q029", "Q029\Q029.vcxproj", "{67E11384-1C9D-4C28-BE95-5435D1180C25}"
EndProject
Project("{8BC9CEB8-8B4A-11D0-8D11-00A0C91BC942}") = "Q030", "Q030\Q030.vcxproj", "{F2BDF5D2-E089-4FA6-9B31-57C8D29EE0EF}"
EndProject
Project("{8BC9CEB8-8B4A-11D0-8D11-00A0C91BC942}") = "Q031", "Q031\Q031.vcxproj", "{C60EFFA8-A05A-4544-AFB2-420AF2199550}"
EndProject
Project("{8BC9CEB8-8B4A-11D0-8D11-00A0C91BC942}") = "Q032", "Q032\Q032.vcxproj", "{C1EC6FD9-FF04-4B50-AC06-0266223B8D80}"
EndProject
Project("{8BC9CEB8-8B4A-11D0-8D11-00A0C91BC942}") = "Q033", "Q033\Q033.vcxproj", "{09BD5B88-A114-4024-A572-62AEE8674EC4}"
EndProject
Project("{8BC9CEB8-8B4A-11D0-8D11-00A0C91BC942}") = "Q034", "Q034\Q034.vcxproj", "{D50B1751-49DA-408F-885F-0876516B03C7}"
EndProject
Project("{8BC9CEB8-8B4A-11D0-8D11-00A0C91BC942}") = "Q035", "Q035\Q035.vcxproj", "{1A119C3A-12D1-45D6-8157-F550DE9DE78B}"
EndProject
Project("{8BC9CEB8-8B4A-11D0-8D11-00A0C91BC942}") = "Q036", "Q036\Q036.vcxproj", "{E8FC097B-D72D-4A8C-984C-08E01556B141}"
EndProject
Project("{8BC9CEB8-8B4A-11D0-8D11-00A0C91BC942}") = "Q037", "Q037\Q037.vcxproj", "{3F301B28-2263-407F-B304-4D77788E6CEB}"
EndProject
Project("{8BC9CEB8-8B4A-11D0-8D11-00A0C91BC942}") = "Q038", "Q038\Q038.vcxproj", "{E1C548CD-6104-4E65-B80C-ABE18EE5A1B0}"
EndProject
Project("{8BC9CEB8-8B4A-11D0-8D11-00A0C91BC942}") = "Q039", "Q039\Q039.vcxproj", "{E35A18EF-1729-4467-8222-B69A0C4435BA}"
EndProject
Project("{8BC9CEB8-8B4A-11D0-8D11-00A0C91BC942}") = "Q040", "Q040\Q040.vcxproj", "{8E97205C-10EA-4CE8-B3A7-BB6F7384F53C}"
EndProject
Project("{8BC9CEB8-8B4A-11D0-8D11-00A0C91BC942}") = "Q041", "Q041\Q041.vcxproj", "{42AD3E9C-052C-416E-B4C9-6A080EDB0904}"
EndProject
Project("{8BC9CEB8-8B4A-11D0-8D11-00A0C91BC942}") = "Q042", "Q042\Q042.vcxproj", "{68033F33-8FB8-4D8E-9D18-CCB07944B560}"
EndProject
Project("{8BC9CEB8-8B4A-11D0-8D11-00A0C91BC942}") = "Q043", "Q043\Q043.vcxproj", "{FD3C535C-F3E7-425D-8D32-28C2CAAB5CE3}"
EndProject
Project("{8BC9CEB8-8B4A-11D0-8D11-00A0C91BC942}") = "Q044", "Q044\Q044.vcxproj", "{8A5F1ED2-092B-44AC-B134-B060D4953979}"
EndProject
Project("{8BC9CEB8-8B4A-11D0-8D11-00A0C91BC942}") = "Q045", "Q045\Q045.vcxproj", "{014FB027-F158-4937-BEA0-B7B4F7E4DEB9}"
EndProject
Project("{8BC9CEB8-8B4A-11D0-8D11-00A0C91BC942}") = "Q046", "Q046\Q046.vcxproj", "{DBBB0A6D-1001-472A-BFDB-BFC72D8C84B3}"
EndProject
Project("{8BC9CEB8-8B4A-11D0-8D11-00A0C91BC942}") = "Q047", "Q047\Q047.vcxproj", "{BBC7AF4B-F71B-4EA6-B6F3-4C85135518D8}"
EndProject
Global
	GlobalSection(SolutionConfigurationPlatforms) = preSolution
		Debug|x64 = Debug|x64
		Debug|x86 = Debug|x86
		Release|x64 = Release|x64
		Release|x86 = Release|x86
	EndGlobalSection
	GlobalSection(ProjectConfigurationPlatforms) = postSolution
		{D6C0B8C7-3C7B-4518-BF05-AE31CCE7AC6F}.Debug|x64.ActiveCfg = Debug|x64
		{D6C0B8C7-3C7B-4518-BF05-AE31CCE7AC6F}.Debug|x64.Build.0 = Debug|x64
		{D6C0B8C7-3C7B-4518-BF05-AE31CCE7AC6F}.Debug|x86.ActiveCfg = Debug|Win32
		{D6C0B8C7-3C7B-4518-BF05-AE31CCE7AC6F}.Debug|x86.Build.0 = Debug|Win32
		{D6C0B8C7-3C7B-4518-BF05-AE31CCE7AC6F}.Release|x64.ActiveCfg = Release|x64
		{D6C0B8C7-3C7B-4518-BF05-AE31CCE7AC6F}.Release|x64.Build.0 = Release|x64
		{D6C0B8C7-3C7B-4518-BF05-AE31CCE7AC6F}.Release|x86.ActiveCfg = Release|Win32
		{D6C0B8C7-3C7B-4518-BF05-AE31CCE7AC6F}.Release|x86.Build.0 = Release|Win32
		{A5613B2A-F570-4F53-8E65-567F05DB8EE8}.Debug|x64.ActiveCfg = Debug|x64
		{A5613B2A-F570-4F53-8E65-567F05DB8EE8}.Debug|x64.Build.0 = Debug|x64
		{A5613B2A-F570-4F53-8E65-567F05DB8EE8}.Debug|x86.ActiveCfg = Debug|Win32
		{A5613B2A-F570-4F53-8E65-567F05DB8EE8}.Debug|x86.Build.0 = Debug|Win32
		{A5613B2A-F570-4F53-8E65-567F05DB8EE8}.Release|x64.ActiveCfg = Release|x64
		{A5613B2A-F570-4F53-8E65-567F05DB8EE8}.Release|x64.Build.0 = Release|x64
		{A5613B2A-F570-4F53-8E65-567F05DB8EE8}.Release|x86.ActiveCfg = Release|Win32
		{A5613B2A-F570-4F53-8E65-567F05DB8EE8}.Release|x86.Build.0 = Release|Win32
		{F5B3E668-8102-4F44-8E35-EA0DED1E1DCB}.Debug|x64.ActiveCfg = Debug|x64
		{F5B3E668-8102-4F44-8E35-EA0DED1E1DCB}.Debug|x64.Build.0 = Debug|x64
		{F5B3E668-8102-4F44-8E35-EA0DED1E1DCB}.Debug|x86.ActiveCfg = Debug|Win32
		{F5B3E668-8102-4F44-8E35-EA0DED1E1DCB}.Debug|x86.Build.0 = Debug|Win32
		{F5B3E668-8102-4F44-8E35-EA0DED1E1DCB}.Release|x64.ActiveCfg = Release|x64
		{F5B3E668-8102-4F44-8E35-EA0DED1E1DCB}.Release|x64.Build.0 = Release|x64
		{F5B3E668-8102-4F44-8E35-EA0DED1E1DCB}.Release|x86.ActiveCfg = Release|Win32
		{F5B3E668-8102-4F44-8E35-EA0DED1E1DCB}.Release|x86.Build.0 = Release|Win32
		{BDB25EC7-4CAE-4C88-B94B-E60F1F6536F5}.Debug|x64.ActiveCfg = Debug|x64
		{BDB25EC7-4CAE-4C88-B94B-E60F1F6536F5}.Debug|x64.Build.0 = Debug|x64
		{BDB25EC7-4CAE-4C88-B94B-E60F1F6536F5}.Debug|x86.ActiveCfg = Debug|Win32
		{BDB25EC7-4CAE-4C88-B94B-E60F1F6536F5}.Debug|x86.Build.0 = Debug|Win32
		{BDB25EC7-4CAE-4C88-B94B-E60F1F6536F5}.Release|x64.ActiveCfg = Release|x64
		{BDB25EC7-4CAE-4C88-B94B-E60F1F6536F5}.Release|x64.Build.0 = Release|x64
		{BDB25EC7-4CAE-4C88-B94B-E60F1F6536F5}.Release|x86.ActiveCfg = Release|Win32
		{BDB25EC7-4CAE-4C88-B94B-E60F1F6536F5}.Release|x86.Build.0 = Release|Win32
		{9B669809-6934-467A-AF63-298ED8BB2285}.Debug|x64.ActiveCfg = Debug|x64
		{9B669809-6934-467A-AF63-298ED8BB2285}.Debug|x64.Build.0 = Debug|x64
		{9B669809-6934-467A-AF63-298ED8BB2285}.Debug|x86.ActiveCfg = Debug|Win32
		{9B669809-6934-467A-AF63-298ED8BB2285}.Debug|x86.Build.0 = Debug|Win32
		{9B669809-6934-467A-AF63-298ED8BB2285}.Release|x64.ActiveCfg = Release|x64
		{9B669809-6934-467A-AF63-298ED8BB2285}.Release|x64.Build.0 = Release|x64
		{9B669809-6934-467A-AF63-298ED8BB2285}.Release|x86.ActiveCfg = Release|Win32
		{9B669809-6934-467A-AF63-298ED8BB2285}.Release|x86.Build.0 = Release|Win32
		{BA6B4BDA-AD69-4B44-96C0-75F6138B4AAF}.Debug|x64.ActiveCfg = Debug|x64
		{BA6B4BDA-AD69-4B44-96C0-75F6138B4AAF}.Debug|x64.Build.0 = Debug|x64
		{BA6B4BDA-AD69-4B44-96C0-75F6138B4AAF}.Debug|x86.ActiveCfg = Debug|Win32
		{BA6B4BDA-AD69-4B44-96C0-75F6138B4AAF}.Debug|x86.Build.0 = Debug|Win32
		{BA6B4BDA-AD69-4B44-96C0-75F6138B4AAF}.Release|x64.ActiveCfg = Release|x64
		{BA6B4BDA-AD69-4B44-96C0-75F6138B4AAF}.Release|x64.Build.0 = Release|x64
		{BA6B4BDA-AD69-4B44-96C0-75F6138B4AAF}.Release|x86.ActiveCfg = Release|Win32
		{BA6B4BDA-AD69-4B44-96C0-75F6138B4AAF}.Release|x86.Build.0 = Release|Win32
		{C391D16C-F0D4-4BF0-AEB5-E231B5869592}.Debug|x64.ActiveCfg = Debug|x64
		{C391D16C-F0D4-4BF0-AEB5-E231B5869592}.Debug|x64.Build.0 = Debug|x64
		{C391D16C-F0D4-4BF0-AEB5-E231B5869592}.Debug|x86.ActiveCfg = Debug|Win32
		{C391D16C-F0D4-4BF0-AEB5-E231B5869592}.Debug|x86.Build.0 = Debug|Win32
		{C391D16C-F0D4-4BF0-AEB5-E231B5869592}.Release|x64.ActiveCfg = Release|x64
		{C391D16C-F0D4-4BF0-AEB5-E231B5869592}.Release|x64.Build.0 = Release|x64
		{C391D16C-F0D4-4BF0-AEB5-E231B5869592}.Release|x86.ActiveCfg = Release|Win32
		{C391D16C-F0D4-4BF0-AEB5-E231B5869592}.Release|x86.Build.0 = Release|Win32
		{9F1C73DA-E2E0-4AA9-9A2F-B923EB13A1A0}.Debug|x64.ActiveCfg = Debug|x64
		{9F1C73DA-E2E0-4AA9-9A2F-B923EB13A1A0}.Debug|x64.Build.0 = Debug|x64
		{9F1C73DA-E2E0-4AA9-9A2F-B923EB13A1A0}.Debug|x86.ActiveCfg = Debug|Win32
		{9F1C73DA-E2E0-4AA9-9A2F-B923EB13A1A0}.Debug|x86.Build.0 = Debug|Win32
		{9F1C73DA-E2E0-4AA9-9A2F-B923EB13A1A0}.Release|x64.ActiveCfg = Release|x64
		{9F1C73DA-E2E0-4AA9-9A2F-B923EB13A1A0}.Release|x64.Build.0 = Release|x64
		{9F1C73DA-E2E0-4AA9-9A2F-B923EB13A1A0}.Release|x86.ActiveCfg = Release|Win32
		{9F1C73DA-E2E0-4AA9-9A2F-B923EB13A1A0}.Release|x86.Build.0 = Release|Win32
		{1C272FA5-9EC8-4535-9CDA-F6B207B4EB67}.Debug|x64.ActiveCfg = Debug|x64
		{1C272FA5-9EC8-4535-9CDA-F6B207B4EB67}.Debug|x64.Build.0 = Debug|x64
		{1C272FA5-9EC8-4535-9CDA-F6B207B4EB67}.Debug|x86.ActiveCfg = Debug|Win32
		{1C272FA5-9EC8-4535-9CDA-F6B207B4EB67}.Debug|x86.Build.0 = Debug|Win32
		{1C272FA5-9EC8-4535-9CDA-F6B207B4EB67}.Release|x64.ActiveCfg = Release|x64
		{1C272FA5-9EC8-4535-9CDA-F6B207B4EB67}.Release|x64.Build.0 = Release|x64
		{1C272FA5-9EC8-4535-9CDA-F6B207B4EB67}.Release|x86.ActiveCfg = Release|Win32
		{1C272FA5-9EC8-4535-9CDA-F6B207B4EB67}.Release|x86.Build.0 = Release|Win32
		{E927BA2C-4C39-4569-AFF1-9DB177E89A75}.Debug|x64.ActiveCfg = Debug|x64
		{E927BA2C-4C39-4569-AFF1-9DB177E89A75}.Debug|x64.Build.0 = Debug|x64
		{E927BA2C-4C39-4569-AFF1-9DB177E89A75}.Debug|x86.ActiveCfg = Debug|Win32
		{E927BA2C-4C39-4569-AFF1-9DB177E89A75}.Debug|x86.Build.0 = Debug|Win32
		{E927BA2C-4C39-4569-AFF1-9DB177E89A75}.Release|x64.ActiveCfg = Release|x64
		{E927BA2C-4C39-4569-AFF1-9DB177E89A75}.Release|x64.Build.0 = Release|x64
		{E927BA2C-4C39-4569-AFF1-9DB177E89A75}.Release|x86.ActiveCfg = Release|Win32
		{E927BA2C-4C39-4569-AFF1-9DB177E89A75}.Release|x86.Build.0 = Release|Win32
		{FC578C23-ABDA-4B67-8FB0-1F17823D4902}.Debug|x64.ActiveCfg = Debug|x64
		{FC578C23-ABDA-4B67-8FB0-1F17823D4902}.Debug|x64.Build.0 = Debug|x64
		{FC578C23-ABDA-4B67-8FB0-1F17823D4902}.Debug|x86.ActiveCfg = Debug|Win32
		{FC578C23-ABDA-4B67-8FB0-1F17823D4902}.Debug|x86.Build.0 = Debug|Win32
		{FC578C23-ABDA-4B67-8FB0-1F17823D4902}.Release|x64.ActiveCfg = Release|x64
		{FC578C23-ABDA-4B67-8FB0-1F17823D4902}.Release|x64.Build.0 = Release|x64
		{FC578C23-ABDA-4B67-8FB0-1F17823D4902}.Release|x86.ActiveCfg = Release|Win32
		{FC578C23-ABDA-4B67-8FB0-1F17823D4902}.Release|x86.Build.0 = Release|Win32
		{27BBACE7-0950-4E76-A37A-A5BD0269279F}.Debug|x64.ActiveCfg = Debug|x64
		{27BBACE7-0950-4E76-A37A-A5BD0269279F}.Debug|x64.Build.0 = Debug|x64
		{27BBACE7-0950-4E76-A37A-A5BD0269279F}.Debug|x86.ActiveCfg = Debug|Win32
		{27BBACE7-0950-4E76-A37A-A5BD0269279F}.Debug|x86.Build.0 = Debug|Win32
		{27BBACE7-0950-4E76-A37A-A5BD0269279F}.Release|x64.ActiveCfg = Release|x64
		{27BBACE7-0950-4E76-A37A-A5BD0269279F}.Release|x64.Build.0 = Release|x64
		{27BBACE7-0950-4E76-A37A-A5BD0269279F}.Release|x86.ActiveCfg = Release|Win32
		{27BBACE7-0950-4E76-A37A-A5BD0269279F}.Release|x86.Build.0 = Release|Win32
		{67E11384-1C9D-4C28-BE95-5435D1180C25}.Debug|x64.ActiveCfg = Debug|x64
		{67E11384-1C9D-4C28-BE95-5435D1180C25}.Debug|x64.Build.0 = Debug|x64
		{67E11384-1C9D-4C28-BE95-5435D1180C25}.Debug|x86.ActiveCfg = Debug|Win32
		{67E11384-1C9D-4C28-BE95-5435D1180C25}.Debug|x86.Build.0 = Debug|Win32
		{67E11384-1C9D-4C28-BE95-5435D1180C25}.Release|x64.ActiveCfg = Release|x64
		{67E11384-1C9D-4C28-BE95-5435D1180C25}.Release|x64.Build.0 = Release|x64
		{67E11384-1C9D-4C28-BE95-5435D1180C25}.Release|x86.ActiveCfg = Release|Win32
		{67E11384-1C9D-4C28-BE95-5435D1180C25}.Release|x86.Build.0 = Release|Win32
		{F2BDF5D2-E089-4FA6-9B31-57C8D29EE0EF}.Debug|x64.ActiveCfg = Debug|x64
		{F2BDF5D2-E089-4FA6-9B31-57C8D29EE0EF}.Debug|x64.Build.0 = Debug|x64
		{F2BDF5D2-E089-4FA6-9B31-57C8D29EE0EF}.Debug|x86.ActiveCfg = Debug|Win32
		{F2BDF5D2-E089-4FA6-9B31-57C8D29EE0EF}.Debug|x86.Build.0 = Debug|Win32
		{F2BDF5D2-E089-4FA6-9B31-57C8D29EE0EF}.Release|x64.ActiveCfg = Release|x64
		{F2BDF5D2-E089-4FA6-9B31-57C8D29EE0EF}.Release|x64.Build.0 = Release|x64
		{F2BDF5D2-E089-4FA6-9B31-57C8D29EE0EF}.Release|x86.ActiveCfg = Release|Win32
		{F2BDF5D2-E089-4FA6-9B31-57C8D29EE0EF}.Release|x86.Build.0 = Release|Win32
		{C60EFFA8-A05A-4544-AFB2-420AF2199550}.Debug|x64.ActiveCfg = Debug|x64
		{C60EFFA8-A05A-4544-AFB2-420AF2199550}.Debug|x64.Build.0 = Debug|x64
		{C60EFFA8-A05A-4544-AFB2-420AF2199550}.Debug|x86.ActiveCfg = Debug|Win32
		{C60EFFA8-A05A-4544-AFB2-420AF2199550}.Debug|x86.Build.0 = Debug|Win32
		{C60EFFA8-A05A-4544-AFB2-420AF2199550}.Release|x64.ActiveCfg = Release|x64
		{C60EFFA8-A05A-4544-AFB2-420AF2199550}.Release|x64.Build.0 = Release|x64
		{C60EFFA8-A05A-4544-AFB2-420AF2199550}.Release|x86.ActiveCfg = Release|Win32
		{C60EFFA8-A05A-4544-AFB2-420AF2199550}.Release|x86.Build.0 = Release|Win32
		{C1EC6FD9-FF04-4B50-AC06-0266223B8D80}.Debug|x64.ActiveCfg = Debug|x64
		{C1EC6FD9-FF04-4B50-AC06-0266223B8D80}.Debug|x64.Build.0 = Debug|x64
		{C1EC6FD9-FF04-4B50-AC06-0266223B8D80}.Debug|x86.ActiveCfg = Debug|Win32
		{C1EC6FD9-FF04-4B50-AC06-0266223B8D80}.Debug|x86.Build.0 = Debug|Win32
		{C1EC6FD9-FF04-4B50-AC06-0266223B8D80}.Release|x64.ActiveCfg = Release|x64
		{C1EC6FD9-FF04-4B50-AC06-0266223B8D80}.Release|x64.Build.0 = Release|x64
		{C1EC6FD9-FF04-4B50-AC06-0266223B8D80}.Release|x86.ActiveCfg = Release|Win32
		{C1EC6FD9-FF04-4B50-AC06-0266223B8D80}.Release|x86.Build.0 = Release|Win32
		{09BD5B88-A114-4024-A572-62AEE8674EC4}.Debug|x64.ActiveCfg = Debug|x64
		{09BD5B88-A114-4024-A572-62AEE8674EC4}.Debug|x64.Build.0 = Debug|x64
		{09BD5B88-A114-4024-A572-62AEE8674EC4}.Debug|x86.ActiveCfg = Debug|Win32
		{09BD5B88-A114-4024-A572-62AEE8674EC4}.Debug|x86.Build.0 = Debug|Win32
		{09BD5B88-A114-4024-A572-62AEE8674EC4}.Release|x64.ActiveCfg = Release|x64
		{09BD5B88-A114-4024-A572-62AEE8674EC4}.Release|x64.Build.0 = Release|x64
		{09BD5B88-A114-4024-A572-62AEE8674EC4}.Release|x86.ActiveCfg = Release|Win32
		{09BD5B88-A114-4024-A572-62AEE8674EC4}.Release|x86.Build.0 = Release|Win32
		{D50B1751-49DA-408F-885F-0876516B03C7}.Debug|x64.ActiveCfg = Debug|x64
		{D50B1751-49DA-408F-885F-0876516B03C7}.Debug|x64.Build.0 = Debug|x64
		{D50B1751-49DA-408F-885F-0876516B03C7}.Debug|x86.ActiveCfg = Debug|Win32
		{D50B1751-49DA-408F-885F-0876516B03C7}.Debug|x86.Build.0 = Debug|Win32
		{D50B1751-49DA-408F-885F-0876516B03C7}.Release|x64.ActiveCfg = Release|x64
		{D50B1751-49DA-408F-885F-0876516B03C7}.Release|x64.Build.0 = Release|x64
		{D50B1751-49DA-408F-885F-0876516B03C7}.Release|x86.ActiveCfg = Release|Win32
		{D50B1751-49DA-408F-885F-0876516B03C7}.Release|x86.Build.0 = Release|Win32
		{1A119C3A-12D1-45D6-8157-F550DE9DE78B}.Debug|x64.ActiveCfg = Debug|x64
		{1A119C3A-12D1-45D6-8157-F550DE9DE78B}.Debug|x64.Build.0 = Debug|x64
		{1A119C3A-12D1-45D6-8157-F550DE9DE78B}.Debug|x86.ActiveCfg = Debug|Win32
		{1A119C3A-12D1-45D6-8157-F550DE9DE78B}.Debug|x86.Build.0 = Debug|Win32
		{1A119C3A-12D1-45D6-8157-F550DE9DE78B}.Release|x64.ActiveCfg = Release|x64
		{1A119C3A-12D1-45D6-8157-F550DE9DE78B}.Release|x64.Build.0 = Release|x64
		{1A119C3A-12D1-45D6-8157-F550DE9DE78B}.Release|x86.ActiveCfg = Release|Win32
		{1A119C3A-12D1-45D6-8157-F550DE9DE78B}.Release|x86.Build.0 = Release|Win32
		{E8FC097B-D72D-4A8C-984C-08E01556B141}.Debug|x64.ActiveCfg = Debug|x64
		{E8FC097B-D72D-4A8C-984C-08E01556B141}.Debug|x64.Build.0 = Debug|x64
		{E8FC097B-D72D-4A8C-984C-08E01556B141}.Debug|x86.ActiveCfg = Debug|Win32
		{E8FC097B-D72D-4A8C-984C-08E01556B141}.Debug|x86.Build.0 = Debug|Win32
		{E8FC097B-D72D-4A8C-984C-08E01556B141}.Release|x64.ActiveCfg = Release|x64
		{E8FC097B-D72D-4A8C-984C-08E01556B141}.Release|x64.Build.0 = Release|x64
		{E8FC097B-D72D-4A8C-984C-08E01556B141}.Release|x86.ActiveCfg = Release|Win32
		{E8FC097B-D72D-4A8C-984C-08E01556B141}.Release|x86.Build.0 = Release|Win32
		{3F301B28-2263-407F-B304-4D77788E6CEB}.Debug|x64.ActiveCfg = Debug|x64
		{3F301B28-2263-407F-B304-4D77788E6CEB}.Debug|x64.Build.0 = Debug|x64
		{3F301B28-2263-407F-B304-4D77788E6CEB}.Debug|x86.ActiveCfg = Debug|Win32
		{3F301B28-2263-407F-B304-4D77788E6CEB}.Debug|x86.Build.0 = Debug|Win32
		{3F301B28-2263-407F-B304-4D77788E6CEB}.Release|x64.ActiveCfg = Release|x64
		{3F301B28-2263-407F-B304-4D77788E6CEB}.Release|x64.Build.0 = Release|x64
		{3F301B28-2263-407F-B304-4D77788E6CEB}.Release|x86.ActiveCfg = Release|Win32
		{3F301B28-2263-407F-B304-4D77788E6CEB}.Release|x86.Build.0 = Release|Win32
		{E1C548CD-6104-4E65-B80C-ABE18EE5A1B0}.Debug|x64.ActiveCfg = Debug|x64
		{E1C548CD-6104-4E65-B80C-ABE18EE5A1B0}.Debug|x64.Build.0 = Debug|x64
		{E1C548CD-6104-4E65-B80C-ABE18EE5A1B0}.Debug|x86.ActiveCfg = Debug|Win32
		{E1C548CD-6104-4E65-B80C-ABE18EE5A1B0}.Debug|x86.Build.0 = Debug|Win32
		{E1C548CD-6104-4E65-B80C-ABE18EE5A1B0}.Release|x64.ActiveCfg = Release|x64
		{E1C548CD-6104-4E65-B80C-ABE18EE5A1B0}.Release|x64.Build.0 = Release|x64
		{E1C548CD-6104-4E65-B80C-ABE18EE5A1B0}.Release|x86.ActiveCfg = Release|Win32
		{E1C548CD-6104-4E65-B80C-ABE18EE5A1B0}.Release|x86.Build.0 = Release|Win32
		{E35A18EF-1729-4467-8222-B69A0C4435BA}.Debug|x64.ActiveCfg = Debug|x64
		{E35A18EF-1729-4467-8222-B69A0C4435BA}.Debug|x64.Build.0 = Debug|x64
		{E35A18EF-1729-4467-8222-B69A0C4435BA}.Debug|x86.ActiveCfg = Debug|Win32
		{E35A18EF-1729-4467-8222-B69A0C4435BA}.Debug|x86.Build.0 = Debug|Win32
		{E35A18EF-1729-4467-8222-B69A0C4435BA}.Release|x64.ActiveCfg = Release|x64
		{E35A18EF-1729-4467-8222-B69A0C4435BA}.Release|x64.Build.0 = Release|x64
		{E35A18EF-1729-4467-8222-B69A0C4435BA}.Release|x86.ActiveCfg = Release|Win32
		{E35A18EF-1729-4467-8222-B69A0C4435BA}.Release|x86.Build.0 = Release|Win32
		{8E97205C-10EA-4CE8-B3A7-BB6F7384F53C}.Debug|x64.ActiveCfg = Debug|x64
		{8E97205C-10EA-4CE8-B3A7-BB6F7384F53C}.Debug|x64.Build.0 = Debug|x64
		{8E97205C-10EA-4CE8-B3A7-BB6F7384F53C}.Debug|x86.ActiveCfg = Debug|Win32
		{8E97205C-10EA-4CE8-B3A7-BB6F7384F53C}.Debug|x86.Build.0 = Debug|Win32
		{8E97205C-10EA-4CE8-B3A7-BB6F7384F53C}.Release|x64.ActiveCfg = Release|x64
		{8E97205C-10EA-4CE8-B3A7-BB6F7384F53C}.Release|x64.Build.0 = Release|x64
		{8E97205C-10EA-4CE8-B3A7-BB6F7384F53C}.Release|x86.ActiveCfg = Release|Win32
		{8E97205C-10EA-4CE8-B3A7-BB6F7384F53C}.Release|x86.Build.0 = Release|Win32
		{42AD3E9C-052C-416E-B4C9-6A080EDB0904}.Debug|x64.ActiveCfg = Debug|x64
		{42AD3E9C-052C-416E-B4C9-6A080EDB0904}.Debug|x64.Build.0 = Debug|x64
		{42AD3E9C-052C-416E-B4C9-6A080EDB0904}.Debug|x86.ActiveCfg = Debug|Win32
		{42AD3E9C-052C-416E-B4C9-6A080EDB0904}.Debug|x86.Build.0 = Debug|Win32
		{42AD3E9C-052C-416E-B4C9-6A080EDB0904}.Release|x64.ActiveCfg = Release|x64
		{42AD3E9C-052C-416E-B4C9-6A080EDB0904}.Release|x64.Build.0 = Release|x64
		{42AD3E9C-052C-416E-B4C9-6A080EDB0904}.Release|x86.ActiveCfg = Release|Win32
		{42AD3E9C-052C-416E-B4C9-6A080EDB0904}.Release|x86.Build.0 = Release|Win32
		{68033F33-8FB8-4D8E-9D18-CCB07944B560}.Debug|x64.ActiveCfg = Debug|x64
		{68033F33-8FB8-4D8E-9D18-CCB07944B560}.Debug|x64.Build.0 = Debug|x64
		{68033F33-8FB8-4D8E-9D18-CCB07944B560}.Debug|x86.ActiveCfg = Debug|Win32
		{68033F33-8FB8-4D8E-9D18-CCB07944B560}.Debug|x86.Build.0 = Debug|Win32
		{68033F33-8FB8-4D8E-9D18-CCB07944B560}.Release|x64.ActiveCfg = Release|x64
		{68033F33-8FB8-4D8E-9D18-CCB07944B560}.Release|x64.Build.0 = Release|x64
		{68033F33-8FB8-4D8E-9D18-CCB07944B560}.Release|x86.ActiveCfg = Release|Win32
		{68033F33-8FB8-4D8E-9D18-CCB07944B560}.Release|x86.Build.0 = Release|Win32
		{FD3C535C-F3E7-425D-8D32-28C2CAAB5CE3}.Debug|x64.ActiveCfg = Debug|x64
		{FD3C535C-F3E7-425D-8D32-28C2CAAB5CE3}.Debug|x64.Build.0 = Debug|x64
		{FD3C535C-F3E7-425D-8D32-28C2CAAB5CE3}.Debug|x86.ActiveCfg = Debug|Win32
		{FD3C535C-F3E7-425D-8D32-28C2CAAB5CE3}.Debug|x86.Build.0 = Debug|Win32
		{FD3C535C-F3E7-425D-8D32-28C2CAAB5CE3}.Release|x64.ActiveCfg = Release|x64
		{FD3C535C-F3E7-425D-8D32-28C2CAAB5CE3}.Release|x64.Build.0 = Release|x64
		{FD3C535C-F3E7-425D-8D32-28C2CAAB5CE3}.Release|x86.ActiveCfg = Release|Win32
		{FD3C535C-F3E7-425D-8D32-28C2CAAB5CE3}.Release|x86.Build.0 = Release|Win32
		{8A5F1ED2-092B-44AC-B134-B060D4953979}.Debug|x64.ActiveCfg = Debug|x64
		{8A5F1ED2-092B-44AC-B134-B060D4953979}.Debug|x64.Build.0 = Debug|x64
		{8A5F1ED2-092B-44AC-B134-B060D4953979}.Debug|x86.ActiveCfg = Debug|Win32
		{8A5F1ED2-092B-44AC-B134-B060D4953979}.Debug|x86.Build.0 = Debug|Win32
		{8A5F1ED2-092B-44AC-B134-B060D4953979}.Release|x64.ActiveCfg = Release|x64
		{8A5F1ED2-092B-44AC-B134-B060D4953979}.Release|x64.Build.0 = Release|x64
		{8A5F1ED2-092B-44AC-B134-B060D4953979}.Release|x86.ActiveCfg = Release|Win32
		{8A5F1ED2-092B-44AC-B134-B060D4953979}.Release|x86.Build.0 = Release|Win32
		{014FB027-F158-4937-BEA0-B7B4F7E4DEB9}.Debug|x64.ActiveCfg = Debug|x64
		{014FB027-F158-4937-BEA0-B7B4F7E4DEB9}.Debug|x64.Build.0 = Debug|x64
		{014FB027-F158-4937-BEA0-B7B4F7E4DEB9}.Debug|x86.ActiveCfg = Debug|Win32
		{014FB027-F158-4937-BEA0-B7B4F7E4DEB9}.Debug|x86.Build.0 = Debug|Win32
		{014FB027-F158-4937-BEA0-B7B4F7E4DEB9}.Release|x64.ActiveCfg = Release|x64
		{014FB027-F158-4937-BEA0-B7B4F7E4DEB9}.Release|x64.Build.0 = Release|x64
		{014FB027-F158-4937-BEA0-B7B4F7E4DEB9}.Release|x86.ActiveCfg = Release|Win32
		{014FB027-F158-4937-BEA0-B7B4F7E4DEB9}.Release|x86.Build.0 = Release|Win32
		{DBBB0A6D-1001-472A-BFDB-BFC72D8C84B3}.Debug|x64.ActiveCfg = Debug|x64
		{DBBB0A6D-1001-472A-BFDB-BFC72D8C84B3}.Debug|x64.Build.0 = Debug|x64
		{DBBB0A6D-1001-472A-BFDB-BFC72D8C84B3}.Debug|x86.ActiveCfg = Debug|Win32
		{DBBB0A6D-1001-472A-BFDB-BFC72D8C84B3}.Debug|x86.Build.0 = Debug|Win32
		{DBBB0A6D-1001-472A-BFDB-BFC72D8C84B3}.Release|x64.ActiveCfg = Release|x64
		{DBBB0A6D-1001-472A-BFDB-BFC72D8C84B3}.Release|x64.Build.0 = Release|x64
		{DBBB0A6D-1001-472A-BFDB-BFC72D8C84B3}.Release|x86.ActiveCfg = Release|Win32
		{DBBB0A6D-1001-472A-BFDB-BFC72D8C84B3}.Release|x86.Build.0 = Release|Win32
		{BBC7AF4B-F71B-4EA6-B6F3-4C85135518D8}.Debug|x64.ActiveCfg = Debug|x64
		{BBC7AF4B-F71B-4EA6-B6F3-4C85135518D8}.Debug|x64.Build.0 = Debug|x64
		{BBC7AF4B-F71B-4EA6-B6F3-4C85135518D8}.Debug|x86.ActiveCfg = Debug|Win32
		{BBC7AF4B-F71B-4EA6-B6F3-4C85135518D8}.Debug|x86.Build.0 = Debug|Win32
		{BBC7AF4B-F71B-4EA6-B6F3-4C85135518D8}.Release|x64.ActiveCfg = Release|x64
		{BBC7AF4B-F71B-4EA6-B6F3-4C85135518D8}.Release|x64.Build.0 = Release|x64
		{BBC7AF4B-F71B-4EA6-B6F3-4C85135518D8}.Release|x86.ActiveCfg = Release|Win32
		{BBC7AF4B-F71B-4EA6-B6F3-4C85135518D8}.Release|x86.Build.0 = Release|Win32
	EndGlobalSection
	GlobalSection(SolutionProperties) = preSolution
		HideSolutionNode = FALSE
	EndGlobalSection
	GlobalSection(ExtensibilityGlobals) = postSolution
		SolutionGuid = {2BF17845-AA0E-4BA9-976A-7CAEBCE7BC59}
	EndGlobalSection
EndGlobal
